
Microsoft Visual Studio Solution File, Format Version 12.00
# Visual Studio Version 16
VisualStudioVersion = 16.0.29230.47
MinimumVisualStudioVersion = 10.0.40219.1
Project("{FAE04EC0-301F-11D3-BF4B-00C04F79EFBC}") = "Chess", "Chess\Chess.csproj", "{FAC7A9CE-56ED-423D-9CFA-18B80399B013}"
EndProject
Global
	GlobalSection(SolutionConfigurationPlatforms) = preSolution
		Debug|Any CPU = Debug|Any CPU
		Release|Any CPU = Release|Any CPU
	EndGlobalSection
	GlobalSection(ProjectConfigurationPlatforms) = postSolution
		{FAC7A9CE-56ED-423D-9CFA-18B80399B013}.Debug|Any CPU.ActiveCfg = Debug|Any CPU
		{FAC7A9CE-56ED-423D-9CFA-18B80399B013}.Debug|Any CPU.Build.0 = Debug|Any CPU
		{FAC7A9CE-56ED-423D-9CFA-18B80399B013}.Release|Any CPU.ActiveCfg = Release|Any CPU
		{FAC7A9CE-56ED-423D-9CFA-18B80399B013}.Release|Any CPU.Build.0 = Release|Any CPU
	EndGlobalSection
	GlobalSection(SolutionProperties) = preSolution
		HideSolutionNode = FALSE
	EndGlobalSection
	GlobalSection(ExtensibilityGlobals) = postSolution
		SolutionGuid = {2068C5AC-B08E-4E93-9DB0-F6A17B2F3A18}
	EndGlobalSection
EndGlobal
